// !$*UTF8*$!
{
	archiveVersion = 1;
	classes = {
	};
	objectVersion = 55;
	objects = {

/* Begin PBXBuildFile section */
		540805BFDC19DD5943D57E59 /* Pods_UgursDessertShop.framework in Frameworks */ = {isa = PBXBuildFile; fileRef = 01EF46838F215E2B472DD9AD /* Pods_UgursDessertShop.framework */; };
		6362A84128651E9300B12591 /* AppDelegate.swift in Sources */ = {isa = PBXBuildFile; fileRef = 6362A84028651E9300B12591 /* AppDelegate.swift */; };
		6362A84528651E9300B12591 /* HomeVC.swift in Sources */ = {isa = PBXBuildFile; fileRef = 6362A84428651E9300B12591 /* HomeVC.swift */; };
		6362A84A28651E9400B12591 /* Assets.xcassets in Resources */ = {isa = PBXBuildFile; fileRef = 6362A84928651E9400B12591 /* Assets.xcassets */; };
		6362A85C28651FB900B12591 /* MainTabBarVC.swift in Sources */ = {isa = PBXBuildFile; fileRef = 6362A85B28651FB900B12591 /* MainTabBarVC.swift */; };
		6362A8602865200D00B12591 /* CartVC.swift in Sources */ = {isa = PBXBuildFile; fileRef = 6362A85F2865200D00B12591 /* CartVC.swift */; };
		6362A8622865201C00B12591 /* FavouritesVC.swift in Sources */ = {isa = PBXBuildFile; fileRef = 6362A8612865201C00B12591 /* FavouritesVC.swift */; };
		6362A8662865211E00B12591 /* AppColors.swift in Sources */ = {isa = PBXBuildFile; fileRef = 6362A8652865211E00B12591 /* AppColors.swift */; };
		6362A8692865238100B12591 /* Extension+UIView.swift in Sources */ = {isa = PBXBuildFile; fileRef = 6362A8682865238100B12591 /* Extension+UIView.swift */; };
		638437092865F87E0013179C /* CellHeaderView.swift in Sources */ = {isa = PBXBuildFile; fileRef = 638437082865F87E0013179C /* CellHeaderView.swift */; };
		6384370D2865F8C30013179C /* ProductsCell.swift in Sources */ = {isa = PBXBuildFile; fileRef = 6384370C2865F8C30013179C /* ProductsCell.swift */; };
		6384370F2865F8D00013179C /* CategoryCell.swift in Sources */ = {isa = PBXBuildFile; fileRef = 6384370E2865F8D00013179C /* CategoryCell.swift */; };
		6384371128662BCB0013179C /* SectionEnums.swift in Sources */ = {isa = PBXBuildFile; fileRef = 6384371028662BCB0013179C /* SectionEnums.swift */; };
		6384371C28664DEF0013179C /* NavBarCollectionCell.swift in Sources */ = {isa = PBXBuildFile; fileRef = 6384371B28664DEF0013179C /* NavBarCollectionCell.swift */; };
		638778052868B6120041E810 /* LoginVC.swift in Sources */ = {isa = PBXBuildFile; fileRef = 638778042868B6120041E810 /* LoginVC.swift */; };
		638778072868B6920041E810 /* Extension+CustomTextField.swift in Sources */ = {isa = PBXBuildFile; fileRef = 638778062868B6920041E810 /* Extension+CustomTextField.swift */; };
		638778092868B7A70041E810 /* LoginModel.swift in Sources */ = {isa = PBXBuildFile; fileRef = 638778082868B7A70041E810 /* LoginModel.swift */; };
		6387780D2868CFAA0041E810 /* LoginResponse.swift in Sources */ = {isa = PBXBuildFile; fileRef = 6387780C2868CFAA0041E810 /* LoginResponse.swift */; };
		638778122868E9CE0041E810 /* RegisterVC.swift in Sources */ = {isa = PBXBuildFile; fileRef = 638778112868E9CE0041E810 /* RegisterVC.swift */; };
		638778142868EAB40041E810 /* Extension+UIAlert.swift in Sources */ = {isa = PBXBuildFile; fileRef = 638778132868EAB40041E810 /* Extension+UIAlert.swift */; };
		639120D8286F6A0D008F8162 /* Extension+Number.swift in Sources */ = {isa = PBXBuildFile; fileRef = 639120D7286F6A0D008F8162 /* Extension+Number.swift */; };
		63A49F372869C15C00BACF73 /* RegisterModel.swift in Sources */ = {isa = PBXBuildFile; fileRef = 63A49F362869C15C00BACF73 /* RegisterModel.swift */; };
		63A49F392869C60B00BACF73 /* RegisterResponse.swift in Sources */ = {isa = PBXBuildFile; fileRef = 63A49F382869C60B00BACF73 /* RegisterResponse.swift */; };
		63A49F3C2869E14900BACF73 /* Closures.swift in Sources */ = {isa = PBXBuildFile; fileRef = 63A49F3B2869E14900BACF73 /* Closures.swift */; };
		63AF01A2287744AA007724D0 /* APIRequestAdapter.swift in Sources */ = {isa = PBXBuildFile; fileRef = 63AF019D287744AA007724D0 /* APIRequestAdapter.swift */; };
		63AF01A3287744AA007724D0 /* APIDataProvider.swift in Sources */ = {isa = PBXBuildFile; fileRef = 63AF019E287744AA007724D0 /* APIDataProvider.swift */; };
		63AF01A4287744AA007724D0 /* APILogger.swift in Sources */ = {isa = PBXBuildFile; fileRef = 63AF019F287744AA007724D0 /* APILogger.swift */; };
		63AF01A5287744AA007724D0 /* APIRequestInterceptor.swift in Sources */ = {isa = PBXBuildFile; fileRef = 63AF01A0287744AA007724D0 /* APIRequestInterceptor.swift */; };
		63AF01A6287744AA007724D0 /* DataProvider.swift in Sources */ = {isa = PBXBuildFile; fileRef = 63AF01A1287744AA007724D0 /* DataProvider.swift */; };
		63AF01AC287744EA007724D0 /* Router.swift in Sources */ = {isa = PBXBuildFile; fileRef = 63AF01AA287744EA007724D0 /* Router.swift */; };
		63AF01AD287744EA007724D0 /* Animator.swift in Sources */ = {isa = PBXBuildFile; fileRef = 63AF01AB287744EA007724D0 /* Animator.swift */; };
		63AF01AF287744FC007724D0 /* AppRouter.swift in Sources */ = {isa = PBXBuildFile; fileRef = 63AF01AE287744FC007724D0 /* AppRouter.swift */; };
		63AF01B328774504007724D0 /* PlaceOnWindowTransition.swift in Sources */ = {isa = PBXBuildFile; fileRef = 63AF01B028774504007724D0 /* PlaceOnWindowTransition.swift */; };
		63AF01B428774504007724D0 /* Transition.swift in Sources */ = {isa = PBXBuildFile; fileRef = 63AF01B128774504007724D0 /* Transition.swift */; };
		63AF01B528774504007724D0 /* PushTransition.swift in Sources */ = {isa = PBXBuildFile; fileRef = 63AF01B228774504007724D0 /* PushTransition.swift */; };
		63AF01BD2877454E007724D0 /* DecodableResponseRequest.swift in Sources */ = {isa = PBXBuildFile; fileRef = 63AF01B62877454D007724D0 /* DecodableResponseRequest.swift */; };
		63AF01BE2877454E007724D0 /* RequestMethod.swift in Sources */ = {isa = PBXBuildFile; fileRef = 63AF01B72877454D007724D0 /* RequestMethod.swift */; };
		63AF01BF2877454E007724D0 /* APIDecodableResponseRequest.swift in Sources */ = {isa = PBXBuildFile; fileRef = 63AF01B82877454D007724D0 /* APIDecodableResponseRequest.swift */; };
		63AF01C02877454E007724D0 /* RequestProtocol.swift in Sources */ = {isa = PBXBuildFile; fileRef = 63AF01B92877454D007724D0 /* RequestProtocol.swift */; };
		63AF01C12877454E007724D0 /* Typealias.swift in Sources */ = {isa = PBXBuildFile; fileRef = 63AF01BA2877454D007724D0 /* Typealias.swift */; };
		63AF01C22877454E007724D0 /* RequestEncoding.swift in Sources */ = {isa = PBXBuildFile; fileRef = 63AF01BB2877454D007724D0 /* RequestEncoding.swift */; };
		63AF01C32877454E007724D0 /* DataProviderProtocol.swift in Sources */ = {isa = PBXBuildFile; fileRef = 63AF01BC2877454E007724D0 /* DataProviderProtocol.swift */; };
		63AF01C72877458B007724D0 /* AppRouterContainer.swift in Sources */ = {isa = PBXBuildFile; fileRef = 63AF01C52877458B007724D0 /* AppRouterContainer.swift */; };
		63AF01CF2877475C007724D0 /* BaseViewModel.swift in Sources */ = {isa = PBXBuildFile; fileRef = 63AF01CC2877475B007724D0 /* BaseViewModel.swift */; };
		63AF01D02877475C007724D0 /* MainNavigationController.swift in Sources */ = {isa = PBXBuildFile; fileRef = 63AF01CD2877475B007724D0 /* MainNavigationController.swift */; };
		63AF01D12877475C007724D0 /* BaseViewController.swift in Sources */ = {isa = PBXBuildFile; fileRef = 63AF01CE2877475C007724D0 /* BaseViewController.swift */; };
		63AF01D4287747F5007724D0 /* MainTabBarRoute.swift in Sources */ = {isa = PBXBuildFile; fileRef = 63AF01D3287747F5007724D0 /* MainTabBarRoute.swift */; };
		63AF01D6287748A1007724D0 /* HomeViewModel.swift in Sources */ = {isa = PBXBuildFile; fileRef = 63AF01D5287748A1007724D0 /* HomeViewModel.swift */; };
		63AF01D8287748A8007724D0 /* HomeRouter.swift in Sources */ = {isa = PBXBuildFile; fileRef = 63AF01D7287748A8007724D0 /* HomeRouter.swift */; };
		63AF01DA287748AF007724D0 /* HomeRoute.swift in Sources */ = {isa = PBXBuildFile; fileRef = 63AF01D9287748AF007724D0 /* HomeRoute.swift */; };
		63AF01E128774A09007724D0 /* ActivityIndicatorProtocol.swift in Sources */ = {isa = PBXBuildFile; fileRef = 63AF01DE28774A09007724D0 /* ActivityIndicatorProtocol.swift */; };
		63AF01E228774A09007724D0 /* BlockingActivityIndicator.swift in Sources */ = {isa = PBXBuildFile; fileRef = 63AF01DF28774A09007724D0 /* BlockingActivityIndicator.swift */; };
		63AF01E328774A09007724D0 /* LoadingProtocol.swift in Sources */ = {isa = PBXBuildFile; fileRef = 63AF01E028774A09007724D0 /* LoadingProtocol.swift */; };
		63AF01E528774A10007724D0 /* UIActivityIndicatorView.swift in Sources */ = {isa = PBXBuildFile; fileRef = 63AF01E428774A10007724D0 /* UIActivityIndicatorView.swift */; };
		63E044BA286B3547008D9499 /* ProductResponse.swift in Sources */ = {isa = PBXBuildFile; fileRef = 63E044B9286B3547008D9499 /* ProductResponse.swift */; };
		63E044BE286B6DDC008D9499 /* CartCollectionCell.swift in Sources */ = {isa = PBXBuildFile; fileRef = 63E044BD286B6DDC008D9499 /* CartCollectionCell.swift */; };
		63E044C1286B6E25008D9499 /* CartView.swift in Sources */ = {isa = PBXBuildFile; fileRef = 63E044C0286B6E25008D9499 /* CartView.swift */; };
		63E044C3286B6E50008D9499 /* CheckOutReusableView.swift in Sources */ = {isa = PBXBuildFile; fileRef = 63E044C2286B6E50008D9499 /* CheckOutReusableView.swift */; };
		63E044C5286B6EC2008D9499 /* Extension+UIButton.swift in Sources */ = {isa = PBXBuildFile; fileRef = 63E044C4286B6EC2008D9499 /* Extension+UIButton.swift */; };
		63E044C8286B76B2008D9499 /* CartResponse.swift in Sources */ = {isa = PBXBuildFile; fileRef = 63E044C7286B76B2008D9499 /* CartResponse.swift */; };
/* End PBXBuildFile section */

/* Begin PBXFileReference section */
		01EF46838F215E2B472DD9AD /* Pods_UgursDessertShop.framework */ = {isa = PBXFileReference; explicitFileType = wrapper.framework; includeInIndex = 0; path = Pods_UgursDessertShop.framework; sourceTree = BUILT_PRODUCTS_DIR; };
		6362A83D28651E9300B12591 /* UgursDessertShop.app */ = {isa = PBXFileReference; explicitFileType = wrapper.application; includeInIndex = 0; path = UgursDessertShop.app; sourceTree = BUILT_PRODUCTS_DIR; };
		6362A84028651E9300B12591 /* AppDelegate.swift */ = {isa = PBXFileReference; lastKnownFileType = sourcecode.swift; path = AppDelegate.swift; sourceTree = "<group>"; };
		6362A84428651E9300B12591 /* HomeVC.swift */ = {isa = PBXFileReference; lastKnownFileType = sourcecode.swift; path = HomeVC.swift; sourceTree = "<group>"; };
		6362A84928651E9400B12591 /* Assets.xcassets */ = {isa = PBXFileReference; lastKnownFileType = folder.assetcatalog; path = Assets.xcassets; sourceTree = "<group>"; };
		6362A85B28651FB900B12591 /* MainTabBarVC.swift */ = {isa = PBXFileReference; lastKnownFileType = sourcecode.swift; path = MainTabBarVC.swift; sourceTree = "<group>"; };
		6362A85F2865200D00B12591 /* CartVC.swift */ = {isa = PBXFileReference; lastKnownFileType = sourcecode.swift; path = CartVC.swift; sourceTree = "<group>"; };
		6362A8612865201C00B12591 /* FavouritesVC.swift */ = {isa = PBXFileReference; lastKnownFileType = sourcecode.swift; path = FavouritesVC.swift; sourceTree = "<group>"; };
		6362A8652865211E00B12591 /* AppColors.swift */ = {isa = PBXFileReference; lastKnownFileType = sourcecode.swift; path = AppColors.swift; sourceTree = "<group>"; };
		6362A8682865238100B12591 /* Extension+UIView.swift */ = {isa = PBXFileReference; lastKnownFileType = sourcecode.swift; path = "Extension+UIView.swift"; sourceTree = "<group>"; };
		638437082865F87E0013179C /* CellHeaderView.swift */ = {isa = PBXFileReference; lastKnownFileType = sourcecode.swift; path = CellHeaderView.swift; sourceTree = "<group>"; };
		6384370C2865F8C30013179C /* ProductsCell.swift */ = {isa = PBXFileReference; lastKnownFileType = sourcecode.swift; path = ProductsCell.swift; sourceTree = "<group>"; };
		6384370E2865F8D00013179C /* CategoryCell.swift */ = {isa = PBXFileReference; lastKnownFileType = sourcecode.swift; path = CategoryCell.swift; sourceTree = "<group>"; };
		6384371028662BCB0013179C /* SectionEnums.swift */ = {isa = PBXFileReference; lastKnownFileType = sourcecode.swift; path = SectionEnums.swift; sourceTree = "<group>"; };
		6384371B28664DEF0013179C /* NavBarCollectionCell.swift */ = {isa = PBXFileReference; lastKnownFileType = sourcecode.swift; path = NavBarCollectionCell.swift; sourceTree = "<group>"; };
		638778042868B6120041E810 /* LoginVC.swift */ = {isa = PBXFileReference; lastKnownFileType = sourcecode.swift; path = LoginVC.swift; sourceTree = "<group>"; };
		638778062868B6920041E810 /* Extension+CustomTextField.swift */ = {isa = PBXFileReference; lastKnownFileType = sourcecode.swift; path = "Extension+CustomTextField.swift"; sourceTree = "<group>"; };
		638778082868B7A70041E810 /* LoginModel.swift */ = {isa = PBXFileReference; lastKnownFileType = sourcecode.swift; path = LoginModel.swift; sourceTree = "<group>"; };
		6387780C2868CFAA0041E810 /* LoginResponse.swift */ = {isa = PBXFileReference; lastKnownFileType = sourcecode.swift; path = LoginResponse.swift; sourceTree = "<group>"; };
		638778112868E9CE0041E810 /* RegisterVC.swift */ = {isa = PBXFileReference; lastKnownFileType = sourcecode.swift; path = RegisterVC.swift; sourceTree = "<group>"; };
		638778132868EAB40041E810 /* Extension+UIAlert.swift */ = {isa = PBXFileReference; lastKnownFileType = sourcecode.swift; path = "Extension+UIAlert.swift"; sourceTree = "<group>"; };
		639120D7286F6A0D008F8162 /* Extension+Number.swift */ = {isa = PBXFileReference; lastKnownFileType = sourcecode.swift; path = "Extension+Number.swift"; sourceTree = "<group>"; };
		63A49F362869C15C00BACF73 /* RegisterModel.swift */ = {isa = PBXFileReference; lastKnownFileType = sourcecode.swift; path = RegisterModel.swift; sourceTree = "<group>"; };
		63A49F382869C60B00BACF73 /* RegisterResponse.swift */ = {isa = PBXFileReference; lastKnownFileType = sourcecode.swift; path = RegisterResponse.swift; sourceTree = "<group>"; };
		63A49F3B2869E14900BACF73 /* Closures.swift */ = {isa = PBXFileReference; lastKnownFileType = sourcecode.swift; path = Closures.swift; sourceTree = "<group>"; };
		63AF019D287744AA007724D0 /* APIRequestAdapter.swift */ = {isa = PBXFileReference; fileEncoding = 4; lastKnownFileType = sourcecode.swift; path = APIRequestAdapter.swift; sourceTree = "<group>"; };
		63AF019E287744AA007724D0 /* APIDataProvider.swift */ = {isa = PBXFileReference; fileEncoding = 4; lastKnownFileType = sourcecode.swift; path = APIDataProvider.swift; sourceTree = "<group>"; };
		63AF019F287744AA007724D0 /* APILogger.swift */ = {isa = PBXFileReference; fileEncoding = 4; lastKnownFileType = sourcecode.swift; path = APILogger.swift; sourceTree = "<group>"; };
		63AF01A0287744AA007724D0 /* APIRequestInterceptor.swift */ = {isa = PBXFileReference; fileEncoding = 4; lastKnownFileType = sourcecode.swift; path = APIRequestInterceptor.swift; sourceTree = "<group>"; };
		63AF01A1287744AA007724D0 /* DataProvider.swift */ = {isa = PBXFileReference; fileEncoding = 4; lastKnownFileType = sourcecode.swift; path = DataProvider.swift; sourceTree = "<group>"; };
		63AF01AA287744EA007724D0 /* Router.swift */ = {isa = PBXFileReference; fileEncoding = 4; lastKnownFileType = sourcecode.swift; path = Router.swift; sourceTree = "<group>"; };
		63AF01AB287744EA007724D0 /* Animator.swift */ = {isa = PBXFileReference; fileEncoding = 4; lastKnownFileType = sourcecode.swift; path = Animator.swift; sourceTree = "<group>"; };
		63AF01AE287744FC007724D0 /* AppRouter.swift */ = {isa = PBXFileReference; fileEncoding = 4; lastKnownFileType = sourcecode.swift; path = AppRouter.swift; sourceTree = "<group>"; };
		63AF01B028774504007724D0 /* PlaceOnWindowTransition.swift */ = {isa = PBXFileReference; fileEncoding = 4; lastKnownFileType = sourcecode.swift; path = PlaceOnWindowTransition.swift; sourceTree = "<group>"; };
		63AF01B128774504007724D0 /* Transition.swift */ = {isa = PBXFileReference; fileEncoding = 4; lastKnownFileType = sourcecode.swift; path = Transition.swift; sourceTree = "<group>"; };
		63AF01B228774504007724D0 /* PushTransition.swift */ = {isa = PBXFileReference; fileEncoding = 4; lastKnownFileType = sourcecode.swift; path = PushTransition.swift; sourceTree = "<group>"; };
		63AF01B62877454D007724D0 /* DecodableResponseRequest.swift */ = {isa = PBXFileReference; fileEncoding = 4; lastKnownFileType = sourcecode.swift; path = DecodableResponseRequest.swift; sourceTree = "<group>"; };
		63AF01B72877454D007724D0 /* RequestMethod.swift */ = {isa = PBXFileReference; fileEncoding = 4; lastKnownFileType = sourcecode.swift; path = RequestMethod.swift; sourceTree = "<group>"; };
		63AF01B82877454D007724D0 /* APIDecodableResponseRequest.swift */ = {isa = PBXFileReference; fileEncoding = 4; lastKnownFileType = sourcecode.swift; path = APIDecodableResponseRequest.swift; sourceTree = "<group>"; };
		63AF01B92877454D007724D0 /* RequestProtocol.swift */ = {isa = PBXFileReference; fileEncoding = 4; lastKnownFileType = sourcecode.swift; path = RequestProtocol.swift; sourceTree = "<group>"; };
		63AF01BA2877454D007724D0 /* Typealias.swift */ = {isa = PBXFileReference; fileEncoding = 4; lastKnownFileType = sourcecode.swift; path = Typealias.swift; sourceTree = "<group>"; };
		63AF01BB2877454D007724D0 /* RequestEncoding.swift */ = {isa = PBXFileReference; fileEncoding = 4; lastKnownFileType = sourcecode.swift; path = RequestEncoding.swift; sourceTree = "<group>"; };
		63AF01BC2877454E007724D0 /* DataProviderProtocol.swift */ = {isa = PBXFileReference; fileEncoding = 4; lastKnownFileType = sourcecode.swift; path = DataProviderProtocol.swift; sourceTree = "<group>"; };
		63AF01C52877458B007724D0 /* AppRouterContainer.swift */ = {isa = PBXFileReference; fileEncoding = 4; lastKnownFileType = sourcecode.swift; path = AppRouterContainer.swift; sourceTree = "<group>"; };
		63AF01C9287745E1007724D0 /* Info.plist */ = {isa = PBXFileReference; fileEncoding = 4; lastKnownFileType = text.plist.xml; path = Info.plist; sourceTree = "<group>"; };
		63AF01CC2877475B007724D0 /* BaseViewModel.swift */ = {isa = PBXFileReference; fileEncoding = 4; lastKnownFileType = sourcecode.swift; path = BaseViewModel.swift; sourceTree = "<group>"; };
		63AF01CD2877475B007724D0 /* MainNavigationController.swift */ = {isa = PBXFileReference; fileEncoding = 4; lastKnownFileType = sourcecode.swift; path = MainNavigationController.swift; sourceTree = "<group>"; };
		63AF01CE2877475C007724D0 /* BaseViewController.swift */ = {isa = PBXFileReference; fileEncoding = 4; lastKnownFileType = sourcecode.swift; path = BaseViewController.swift; sourceTree = "<group>"; };
		63AF01D3287747F5007724D0 /* MainTabBarRoute.swift */ = {isa = PBXFileReference; lastKnownFileType = sourcecode.swift; path = MainTabBarRoute.swift; sourceTree = "<group>"; };
		63AF01D5287748A1007724D0 /* HomeViewModel.swift */ = {isa = PBXFileReference; lastKnownFileType = sourcecode.swift; path = HomeViewModel.swift; sourceTree = "<group>"; };
		63AF01D7287748A8007724D0 /* HomeRouter.swift */ = {isa = PBXFileReference; lastKnownFileType = sourcecode.swift; path = HomeRouter.swift; sourceTree = "<group>"; };
		63AF01D9287748AF007724D0 /* HomeRoute.swift */ = {isa = PBXFileReference; lastKnownFileType = sourcecode.swift; path = HomeRoute.swift; sourceTree = "<group>"; };
		63AF01DE28774A09007724D0 /* ActivityIndicatorProtocol.swift */ = {isa = PBXFileReference; fileEncoding = 4; lastKnownFileType = sourcecode.swift; path = ActivityIndicatorProtocol.swift; sourceTree = "<group>"; };
		63AF01DF28774A09007724D0 /* BlockingActivityIndicator.swift */ = {isa = PBXFileReference; fileEncoding = 4; lastKnownFileType = sourcecode.swift; path = BlockingActivityIndicator.swift; sourceTree = "<group>"; };
		63AF01E028774A09007724D0 /* LoadingProtocol.swift */ = {isa = PBXFileReference; fileEncoding = 4; lastKnownFileType = sourcecode.swift; path = LoadingProtocol.swift; sourceTree = "<group>"; };
		63AF01E428774A10007724D0 /* UIActivityIndicatorView.swift */ = {isa = PBXFileReference; fileEncoding = 4; lastKnownFileType = sourcecode.swift; path = UIActivityIndicatorView.swift; sourceTree = "<group>"; };
		63E044B9286B3547008D9499 /* ProductResponse.swift */ = {isa = PBXFileReference; lastKnownFileType = sourcecode.swift; path = ProductResponse.swift; sourceTree = "<group>"; };
		63E044BD286B6DDC008D9499 /* CartCollectionCell.swift */ = {isa = PBXFileReference; lastKnownFileType = sourcecode.swift; path = CartCollectionCell.swift; sourceTree = "<group>"; };
		63E044C0286B6E25008D9499 /* CartView.swift */ = {isa = PBXFileReference; lastKnownFileType = sourcecode.swift; path = CartView.swift; sourceTree = "<group>"; };
		63E044C2286B6E50008D9499 /* CheckOutReusableView.swift */ = {isa = PBXFileReference; lastKnownFileType = sourcecode.swift; path = CheckOutReusableView.swift; sourceTree = "<group>"; };
		63E044C4286B6EC2008D9499 /* Extension+UIButton.swift */ = {isa = PBXFileReference; lastKnownFileType = sourcecode.swift; path = "Extension+UIButton.swift"; sourceTree = "<group>"; };
		63E044C7286B76B2008D9499 /* CartResponse.swift */ = {isa = PBXFileReference; lastKnownFileType = sourcecode.swift; path = CartResponse.swift; sourceTree = "<group>"; };
		98FE681527163EAEB6985FE5 /* Pods-UgursDessertShop.debug.xcconfig */ = {isa = PBXFileReference; includeInIndex = 1; lastKnownFileType = text.xcconfig; name = "Pods-UgursDessertShop.debug.xcconfig"; path = "Target Support Files/Pods-UgursDessertShop/Pods-UgursDessertShop.debug.xcconfig"; sourceTree = "<group>"; };
		FB7B0284D650D57AEC3CD51F /* Pods-UgursDessertShop.release.xcconfig */ = {isa = PBXFileReference; includeInIndex = 1; lastKnownFileType = text.xcconfig; name = "Pods-UgursDessertShop.release.xcconfig"; path = "Target Support Files/Pods-UgursDessertShop/Pods-UgursDessertShop.release.xcconfig"; sourceTree = "<group>"; };
/* End PBXFileReference section */

/* Begin PBXFrameworksBuildPhase section */
		6362A83A28651E9300B12591 /* Frameworks */ = {
			isa = PBXFrameworksBuildPhase;
			buildActionMask = 2147483647;
			files = (
				540805BFDC19DD5943D57E59 /* Pods_UgursDessertShop.framework in Frameworks */,
			);
			runOnlyForDeploymentPostprocessing = 0;
		};
/* End PBXFrameworksBuildPhase section */

/* Begin PBXGroup section */
		631C4F2AEC644F0733A657C9 /* Pods */ = {
			isa = PBXGroup;
			children = (
				98FE681527163EAEB6985FE5 /* Pods-UgursDessertShop.debug.xcconfig */,
				FB7B0284D650D57AEC3CD51F /* Pods-UgursDessertShop.release.xcconfig */,
			);
			path = Pods;
			sourceTree = "<group>";
		};
		6362A83428651E9300B12591 = {
			isa = PBXGroup;
			children = (
				6362A83F28651E9300B12591 /* UgursDessertShop */,
				6362A83E28651E9300B12591 /* Products */,
				631C4F2AEC644F0733A657C9 /* Pods */,
				9823557CB8701EFA6BE98041 /* Frameworks */,
			);
			sourceTree = "<group>";
		};
		6362A83E28651E9300B12591 /* Products */ = {
			isa = PBXGroup;
			children = (
				6362A83D28651E9300B12591 /* UgursDessertShop.app */,
			);
			name = Products;
			sourceTree = "<group>";
		};
		6362A83F28651E9300B12591 /* UgursDessertShop */ = {
			isa = PBXGroup;
			children = (
				63AF01DB287749AE007724D0 /* UIComponents */,
				63AF01C428774583007724D0 /* AppDelegate */,
				63AF019C2877448A007724D0 /* Routing */,
				63AF019628774419007724D0 /* Dataprovider */,
				6362A8632865210B00B12591 /* Utilities */,
				6362A85828651EF200B12591 /* Resources */,
				6362A85628651EE500B12591 /* Models */,
				6362A85528651EE000B12591 /* Cells */,
				6362A85428651EDB00B12591 /* Scenes */,
			);
			path = UgursDessertShop;
			sourceTree = "<group>";
		};
		6362A85428651EDB00B12591 /* Scenes */ = {
			isa = PBXGroup;
			children = (
				63AF01D2287747DF007724D0 /* Main */,
				63AF01CB2877474A007724D0 /* Base */,
				638778102868E9C30041E810 /* Register */,
				638778032868B5F80041E810 /* Login */,
				6362A85E2865200200B12591 /* Favourite */,
				6362A85D28651FFE00B12591 /* Cart */,
				6362A85928651F8700B12591 /* Home */,
			);
			path = Scenes;
			sourceTree = "<group>";
		};
		6362A85528651EE000B12591 /* Cells */ = {
			isa = PBXGroup;
			children = (
				63E044C6286B74EA008D9499 /* Cart */,
				6384371A28664DD00013179C /* NavBar */,
				6384370B2865F8A90013179C /* Products */,
				6384370A2865F89C0013179C /* Category */,
				638437072865F85B0013179C /* EveryCellHeader */,
			);
			path = Cells;
			sourceTree = "<group>";
		};
		6362A85628651EE500B12591 /* Models */ = {
			isa = PBXGroup;
			children = (
				63A49F3A2869E09B00BACF73 /* Response */,
				638778082868B7A70041E810 /* LoginModel.swift */,
				63A49F362869C15C00BACF73 /* RegisterModel.swift */,
			);
			path = Models;
			sourceTree = "<group>";
		};
		6362A85828651EF200B12591 /* Resources */ = {
			isa = PBXGroup;
			children = (
				63AF01C9287745E1007724D0 /* Info.plist */,
				6362A84928651E9400B12591 /* Assets.xcassets */,
			);
			path = Resources;
			sourceTree = "<group>";
		};
		6362A85928651F8700B12591 /* Home */ = {
			isa = PBXGroup;
			children = (
				6362A84428651E9300B12591 /* HomeVC.swift */,
				63AF01D5287748A1007724D0 /* HomeViewModel.swift */,
				63AF01D7287748A8007724D0 /* HomeRouter.swift */,
				63AF01D9287748AF007724D0 /* HomeRoute.swift */,
			);
			path = Home;
			sourceTree = "<group>";
		};
		6362A85D28651FFE00B12591 /* Cart */ = {
			isa = PBXGroup;
			children = (
				63E044BF286B6E10008D9499 /* CartUIView */,
				6362A85F2865200D00B12591 /* CartVC.swift */,
			);
			path = Cart;
			sourceTree = "<group>";
		};
		6362A85E2865200200B12591 /* Favourite */ = {
			isa = PBXGroup;
			children = (
				6362A8612865201C00B12591 /* FavouritesVC.swift */,
			);
			path = Favourite;
			sourceTree = "<group>";
		};
		6362A8632865210B00B12591 /* Utilities */ = {
			isa = PBXGroup;
			children = (
				6362A8672865233600B12591 /* Extensions */,
				6362A8642865211000B12591 /* Consts */,
			);
			path = Utilities;
			sourceTree = "<group>";
		};
		6362A8642865211000B12591 /* Consts */ = {
			isa = PBXGroup;
			children = (
				6362A8652865211E00B12591 /* AppColors.swift */,
				6384371028662BCB0013179C /* SectionEnums.swift */,
				63A49F3B2869E14900BACF73 /* Closures.swift */,
			);
			path = Consts;
			sourceTree = "<group>";
		};
		6362A8672865233600B12591 /* Extensions */ = {
			isa = PBXGroup;
			children = (
				6362A8682865238100B12591 /* Extension+UIView.swift */,
				638778062868B6920041E810 /* Extension+CustomTextField.swift */,
				638778132868EAB40041E810 /* Extension+UIAlert.swift */,
				63E044C4286B6EC2008D9499 /* Extension+UIButton.swift */,
				639120D7286F6A0D008F8162 /* Extension+Number.swift */,
			);
			path = Extensions;
			sourceTree = "<group>";
		};
		638437072865F85B0013179C /* EveryCellHeader */ = {
			isa = PBXGroup;
			children = (
				638437082865F87E0013179C /* CellHeaderView.swift */,
			);
			path = EveryCellHeader;
			sourceTree = "<group>";
		};
		6384370A2865F89C0013179C /* Category */ = {
			isa = PBXGroup;
			children = (
				6384370E2865F8D00013179C /* CategoryCell.swift */,
			);
			path = Category;
			sourceTree = "<group>";
		};
		6384370B2865F8A90013179C /* Products */ = {
			isa = PBXGroup;
			children = (
				6384370C2865F8C30013179C /* ProductsCell.swift */,
			);
			path = Products;
			sourceTree = "<group>";
		};
		6384371A28664DD00013179C /* NavBar */ = {
			isa = PBXGroup;
			children = (
				6384371B28664DEF0013179C /* NavBarCollectionCell.swift */,
			);
			path = NavBar;
			sourceTree = "<group>";
		};
		638778032868B5F80041E810 /* Login */ = {
			isa = PBXGroup;
			children = (
				638778042868B6120041E810 /* LoginVC.swift */,
			);
			path = Login;
			sourceTree = "<group>";
		};
		638778102868E9C30041E810 /* Register */ = {
			isa = PBXGroup;
			children = (
				638778112868E9CE0041E810 /* RegisterVC.swift */,
			);
			path = Register;
			sourceTree = "<group>";
		};
		63A49F3A2869E09B00BACF73 /* Response */ = {
			isa = PBXGroup;
			children = (
				63A49F382869C60B00BACF73 /* RegisterResponse.swift */,
				6387780C2868CFAA0041E810 /* LoginResponse.swift */,
				63E044B9286B3547008D9499 /* ProductResponse.swift */,
				63E044C7286B76B2008D9499 /* CartResponse.swift */,
			);
			path = Response;
			sourceTree = "<group>";
		};
		63AF019628774419007724D0 /* Dataprovider */ = {
			isa = PBXGroup;
			children = (
				63AF019A2877445A007724D0 /* NetworkLayer */,
				63AF019928774429007724D0 /* ResponseModel */,
				63AF019828774422007724D0 /* Requests */,
				63AF01972877441E007724D0 /* Core */,
			);
			path = Dataprovider;
			sourceTree = "<group>";
		};
		63AF01972877441E007724D0 /* Core */ = {
			isa = PBXGroup;
			children = (
				63AF01B82877454D007724D0 /* APIDecodableResponseRequest.swift */,
				63AF01BC2877454E007724D0 /* DataProviderProtocol.swift */,
				63AF01B62877454D007724D0 /* DecodableResponseRequest.swift */,
				63AF01BB2877454D007724D0 /* RequestEncoding.swift */,
				63AF01B72877454D007724D0 /* RequestMethod.swift */,
				63AF01B92877454D007724D0 /* RequestProtocol.swift */,
				63AF01BA2877454D007724D0 /* Typealias.swift */,
			);
			path = Core;
			sourceTree = "<group>";
		};
		63AF019828774422007724D0 /* Requests */ = {
			isa = PBXGroup;
			children = (
			);
			path = Requests;
			sourceTree = "<group>";
		};
		63AF019928774429007724D0 /* ResponseModel */ = {
			isa = PBXGroup;
			children = (
			);
			path = ResponseModel;
			sourceTree = "<group>";
		};
		63AF019A2877445A007724D0 /* NetworkLayer */ = {
			isa = PBXGroup;
			children = (
				63AF019E287744AA007724D0 /* APIDataProvider.swift */,
				63AF019F287744AA007724D0 /* APILogger.swift */,
				63AF019D287744AA007724D0 /* APIRequestAdapter.swift */,
				63AF01A0287744AA007724D0 /* APIRequestInterceptor.swift */,
				63AF01A1287744AA007724D0 /* DataProvider.swift */,
			);
			path = NetworkLayer;
			sourceTree = "<group>";
		};
		63AF019C2877448A007724D0 /* Routing */ = {
			isa = PBXGroup;
			children = (
				63AF01A9287744CE007724D0 /* Transitions */,
				63AF01A8287744BE007724D0 /* Routers */,
				63AF01A7287744BB007724D0 /* Core */,
			);
			path = Routing;
			sourceTree = "<group>";
		};
		63AF01A7287744BB007724D0 /* Core */ = {
			isa = PBXGroup;
			children = (
				63AF01AB287744EA007724D0 /* Animator.swift */,
				63AF01AA287744EA007724D0 /* Router.swift */,
			);
			path = Core;
			sourceTree = "<group>";
		};
		63AF01A8287744BE007724D0 /* Routers */ = {
			isa = PBXGroup;
			children = (
				63AF01AE287744FC007724D0 /* AppRouter.swift */,
			);
			path = Routers;
			sourceTree = "<group>";
		};
		63AF01A9287744CE007724D0 /* Transitions */ = {
			isa = PBXGroup;
			children = (
				63AF01B028774504007724D0 /* PlaceOnWindowTransition.swift */,
				63AF01B228774504007724D0 /* PushTransition.swift */,
				63AF01B128774504007724D0 /* Transition.swift */,
			);
			path = Transitions;
			sourceTree = "<group>";
		};
		63AF01C428774583007724D0 /* AppDelegate */ = {
			isa = PBXGroup;
			children = (
				6362A84028651E9300B12591 /* AppDelegate.swift */,
				63AF01C52877458B007724D0 /* AppRouterContainer.swift */,
			);
			path = AppDelegate;
			sourceTree = "<group>";
		};
		63AF01CB2877474A007724D0 /* Base */ = {
			isa = PBXGroup;
			children = (
				63AF01CE2877475C007724D0 /* BaseViewController.swift */,
				63AF01CC2877475B007724D0 /* BaseViewModel.swift */,
				63AF01CD2877475B007724D0 /* MainNavigationController.swift */,
			);
			path = Base;
			sourceTree = "<group>";
		};
		63AF01D2287747DF007724D0 /* Main */ = {
			isa = PBXGroup;
			children = (
				6362A85B28651FB900B12591 /* MainTabBarVC.swift */,
				63AF01D3287747F5007724D0 /* MainTabBarRoute.swift */,
			);
			path = Main;
			sourceTree = "<group>";
		};
		63AF01DB287749AE007724D0 /* UIComponents */ = {
			isa = PBXGroup;
			children = (
				63AF01DD287749E0007724D0 /* UIActiviyIndicatorView */,
				63AF01DC287749D8007724D0 /* Loading */,
			);
			path = UIComponents;
			sourceTree = "<group>";
		};
		63AF01DC287749D8007724D0 /* Loading */ = {
			isa = PBXGroup;
			children = (
				63AF01DE28774A09007724D0 /* ActivityIndicatorProtocol.swift */,
				63AF01DF28774A09007724D0 /* BlockingActivityIndicator.swift */,
				63AF01E028774A09007724D0 /* LoadingProtocol.swift */,
			);
			path = Loading;
			sourceTree = "<group>";
		};
		63AF01DD287749E0007724D0 /* UIActiviyIndicatorView */ = {
			isa = PBXGroup;
			children = (
				63AF01E428774A10007724D0 /* UIActivityIndicatorView.swift */,
			);
			path = UIActiviyIndicatorView;
			sourceTree = "<group>";
		};
		63E044BF286B6E10008D9499 /* CartUIView */ = {
			isa = PBXGroup;
			children = (
				63E044C0286B6E25008D9499 /* CartView.swift */,
				63E044C2286B6E50008D9499 /* CheckOutReusableView.swift */,
			);
			path = CartUIView;
			sourceTree = "<group>";
		};
		63E044C6286B74EA008D9499 /* Cart */ = {
			isa = PBXGroup;
			children = (
				63E044BD286B6DDC008D9499 /* CartCollectionCell.swift */,
			);
			path = Cart;
			sourceTree = "<group>";
		};
		9823557CB8701EFA6BE98041 /* Frameworks */ = {
			isa = PBXGroup;
			children = (
				01EF46838F215E2B472DD9AD /* Pods_UgursDessertShop.framework */,
			);
			name = Frameworks;
			sourceTree = "<group>";
		};
/* End PBXGroup section */

/* Begin PBXNativeTarget section */
		6362A83C28651E9300B12591 /* UgursDessertShop */ = {
			isa = PBXNativeTarget;
			buildConfigurationList = 6362A85128651E9400B12591 /* Build configuration list for PBXNativeTarget "UgursDessertShop" */;
			buildPhases = (
				B2B5D251D15A3F57154BA52D /* [CP] Check Pods Manifest.lock */,
				6362A83928651E9300B12591 /* Sources */,
				6362A83A28651E9300B12591 /* Frameworks */,
				6362A83B28651E9300B12591 /* Resources */,
				F6ED329758A8D8EED2CF903C /* [CP] Embed Pods Frameworks */,
			);
			buildRules = (
			);
			dependencies = (
			);
			name = UgursDessertShop;
			productName = UgursDessertShop;
			productReference = 6362A83D28651E9300B12591 /* UgursDessertShop.app */;
			productType = "com.apple.product-type.application";
		};
/* End PBXNativeTarget section */

/* Begin PBXProject section */
		6362A83528651E9300B12591 /* Project object */ = {
			isa = PBXProject;
			attributes = {
				BuildIndependentTargetsInParallel = 1;
				LastSwiftUpdateCheck = 1320;
				LastUpgradeCheck = 1320;
				TargetAttributes = {
					6362A83C28651E9300B12591 = {
						CreatedOnToolsVersion = 13.2.1;
					};
				};
			};
			buildConfigurationList = 6362A83828651E9300B12591 /* Build configuration list for PBXProject "UgursDessertShop" */;
			compatibilityVersion = "Xcode 13.0";
			developmentRegion = en;
			hasScannedForEncodings = 0;
			knownRegions = (
				en,
				Base,
			);
			mainGroup = 6362A83428651E9300B12591;
			productRefGroup = 6362A83E28651E9300B12591 /* Products */;
			projectDirPath = "";
			projectRoot = "";
			targets = (
				6362A83C28651E9300B12591 /* UgursDessertShop */,
			);
		};
/* End PBXProject section */

/* Begin PBXResourcesBuildPhase section */
		6362A83B28651E9300B12591 /* Resources */ = {
			isa = PBXResourcesBuildPhase;
			buildActionMask = 2147483647;
			files = (
				6362A84A28651E9400B12591 /* Assets.xcassets in Resources */,
			);
			runOnlyForDeploymentPostprocessing = 0;
		};
/* End PBXResourcesBuildPhase section */

/* Begin PBXShellScriptBuildPhase section */
		B2B5D251D15A3F57154BA52D /* [CP] Check Pods Manifest.lock */ = {
			isa = PBXShellScriptBuildPhase;
			buildActionMask = 2147483647;
			files = (
			);
			inputFileListPaths = (
			);
			inputPaths = (
				"${PODS_PODFILE_DIR_PATH}/Podfile.lock",
				"${PODS_ROOT}/Manifest.lock",
			);
			name = "[CP] Check Pods Manifest.lock";
			outputFileListPaths = (
			);
			outputPaths = (
				"$(DERIVED_FILE_DIR)/Pods-UgursDessertShop-checkManifestLockResult.txt",
			);
			runOnlyForDeploymentPostprocessing = 0;
			shellPath = /bin/sh;
			shellScript = "diff \"${PODS_PODFILE_DIR_PATH}/Podfile.lock\" \"${PODS_ROOT}/Manifest.lock\" > /dev/null\nif [ $? != 0 ] ; then\n    # print error to STDERR\n    echo \"error: The sandbox is not in sync with the Podfile.lock. Run 'pod install' or update your CocoaPods installation.\" >&2\n    exit 1\nfi\n# This output is used by Xcode 'outputs' to avoid re-running this script phase.\necho \"SUCCESS\" > \"${SCRIPT_OUTPUT_FILE_0}\"\n";
			showEnvVarsInLog = 0;
		};
		F6ED329758A8D8EED2CF903C /* [CP] Embed Pods Frameworks */ = {
			isa = PBXShellScriptBuildPhase;
			buildActionMask = 2147483647;
			files = (
			);
			inputFileListPaths = (
				"${PODS_ROOT}/Target Support Files/Pods-UgursDessertShop/Pods-UgursDessertShop-frameworks-${CONFIGURATION}-input-files.xcfilelist",
			);
			name = "[CP] Embed Pods Frameworks";
			outputFileListPaths = (
				"${PODS_ROOT}/Target Support Files/Pods-UgursDessertShop/Pods-UgursDessertShop-frameworks-${CONFIGURATION}-output-files.xcfilelist",
			);
			runOnlyForDeploymentPostprocessing = 0;
			shellPath = /bin/sh;
			shellScript = "\"${PODS_ROOT}/Target Support Files/Pods-UgursDessertShop/Pods-UgursDessertShop-frameworks.sh\"\n";
			showEnvVarsInLog = 0;
		};
/* End PBXShellScriptBuildPhase section */

/* Begin PBXSourcesBuildPhase section */
		6362A83928651E9300B12591 /* Sources */ = {
			isa = PBXSourcesBuildPhase;
			buildActionMask = 2147483647;
			files = (
				63E044C1286B6E25008D9499 /* CartView.swift in Sources */,
				63AF01E328774A09007724D0 /* LoadingProtocol.swift in Sources */,
				6362A84528651E9300B12591 /* HomeVC.swift in Sources */,
				6362A84128651E9300B12591 /* AppDelegate.swift in Sources */,
				639120D8286F6A0D008F8162 /* Extension+Number.swift in Sources */,
				63AF01BE2877454E007724D0 /* RequestMethod.swift in Sources */,
				63AF01CF2877475C007724D0 /* BaseViewModel.swift in Sources */,
				63AF01A4287744AA007724D0 /* APILogger.swift in Sources */,
				6387780D2868CFAA0041E810 /* LoginResponse.swift in Sources */,
				63AF01B428774504007724D0 /* Transition.swift in Sources */,
				63AF01E128774A09007724D0 /* ActivityIndicatorProtocol.swift in Sources */,
				6362A8692865238100B12591 /* Extension+UIView.swift in Sources */,
				63AF01A2287744AA007724D0 /* APIRequestAdapter.swift in Sources */,
				63A49F392869C60B00BACF73 /* RegisterResponse.swift in Sources */,
				63AF01B528774504007724D0 /* PushTransition.swift in Sources */,
				638778072868B6920041E810 /* Extension+CustomTextField.swift in Sources */,
				638778142868EAB40041E810 /* Extension+UIAlert.swift in Sources */,
				63A49F372869C15C00BACF73 /* RegisterModel.swift in Sources */,
				6362A8622865201C00B12591 /* FavouritesVC.swift in Sources */,
				638778092868B7A70041E810 /* LoginModel.swift in Sources */,
				6384371C28664DEF0013179C /* NavBarCollectionCell.swift in Sources */,
				638778122868E9CE0041E810 /* RegisterVC.swift in Sources */,
				63AF01C12877454E007724D0 /* Typealias.swift in Sources */,
				6362A85C28651FB900B12591 /* MainTabBarVC.swift in Sources */,
				63AF01AC287744EA007724D0 /* Router.swift in Sources */,
				63AF01E528774A10007724D0 /* UIActivityIndicatorView.swift in Sources */,
				63AF01A5287744AA007724D0 /* APIRequestInterceptor.swift in Sources */,
				63AF01B328774504007724D0 /* PlaceOnWindowTransition.swift in Sources */,
				63AF01D02877475C007724D0 /* MainNavigationController.swift in Sources */,
				63E044BA286B3547008D9499 /* ProductResponse.swift in Sources */,
				6362A8662865211E00B12591 /* AppColors.swift in Sources */,
				6362A8602865200D00B12591 /* CartVC.swift in Sources */,
				638437092865F87E0013179C /* CellHeaderView.swift in Sources */,
				63A49F3C2869E14900BACF73 /* Closures.swift in Sources */,
				63AF01AD287744EA007724D0 /* Animator.swift in Sources */,
				63E044C5286B6EC2008D9499 /* Extension+UIButton.swift in Sources */,
				63AF01A3287744AA007724D0 /* APIDataProvider.swift in Sources */,
				63AF01C22877454E007724D0 /* RequestEncoding.swift in Sources */,
				6384370D2865F8C30013179C /* ProductsCell.swift in Sources */,
				63AF01AF287744FC007724D0 /* AppRouter.swift in Sources */,
				63AF01D8287748A8007724D0 /* HomeRouter.swift in Sources */,
				63E044C8286B76B2008D9499 /* CartResponse.swift in Sources */,
				63AF01C32877454E007724D0 /* DataProviderProtocol.swift in Sources */,
				6384371128662BCB0013179C /* SectionEnums.swift in Sources */,
				6384370F2865F8D00013179C /* CategoryCell.swift in Sources */,
				63AF01C72877458B007724D0 /* AppRouterContainer.swift in Sources */,
				63AF01A6287744AA007724D0 /* DataProvider.swift in Sources */,
				63AF01E228774A09007724D0 /* BlockingActivityIndicator.swift in Sources */,
				638778052868B6120041E810 /* LoginVC.swift in Sources */,
				63AF01C02877454E007724D0 /* RequestProtocol.swift in Sources */,
				63AF01D12877475C007724D0 /* BaseViewController.swift in Sources */,
				63AF01BF2877454E007724D0 /* APIDecodableResponseRequest.swift in Sources */,
				63AF01D6287748A1007724D0 /* HomeViewModel.swift in Sources */,
				63E044C3286B6E50008D9499 /* CheckOutReusableView.swift in Sources */,
				63AF01BD2877454E007724D0 /* DecodableResponseRequest.swift in Sources */,
				63E044BE286B6DDC008D9499 /* CartCollectionCell.swift in Sources */,
				63AF01DA287748AF007724D0 /* HomeRoute.swift in Sources */,
				63AF01D4287747F5007724D0 /* MainTabBarRoute.swift in Sources */,
			);
			runOnlyForDeploymentPostprocessing = 0;
		};
/* End PBXSourcesBuildPhase section */

/* Begin XCBuildConfiguration section */
		6362A84F28651E9400B12591 /* Debug */ = {
			isa = XCBuildConfiguration;
			buildSettings = {
				ALWAYS_SEARCH_USER_PATHS = NO;
				CLANG_ANALYZER_NONNULL = YES;
				CLANG_ANALYZER_NUMBER_OBJECT_CONVERSION = YES_AGGRESSIVE;
				CLANG_CXX_LANGUAGE_STANDARD = "gnu++17";
				CLANG_CXX_LIBRARY = "libc++";
				CLANG_ENABLE_MODULES = YES;
				CLANG_ENABLE_OBJC_ARC = YES;
				CLANG_ENABLE_OBJC_WEAK = YES;
				CLANG_WARN_BLOCK_CAPTURE_AUTORELEASING = YES;
				CLANG_WARN_BOOL_CONVERSION = YES;
				CLANG_WARN_COMMA = YES;
				CLANG_WARN_CONSTANT_CONVERSION = YES;
				CLANG_WARN_DEPRECATED_OBJC_IMPLEMENTATIONS = YES;
				CLANG_WARN_DIRECT_OBJC_ISA_USAGE = YES_ERROR;
				CLANG_WARN_DOCUMENTATION_COMMENTS = YES;
				CLANG_WARN_EMPTY_BODY = YES;
				CLANG_WARN_ENUM_CONVERSION = YES;
				CLANG_WARN_INFINITE_RECURSION = YES;
				CLANG_WARN_INT_CONVERSION = YES;
				CLANG_WARN_NON_LITERAL_NULL_CONVERSION = YES;
				CLANG_WARN_OBJC_IMPLICIT_RETAIN_SELF = YES;
				CLANG_WARN_OBJC_LITERAL_CONVERSION = YES;
				CLANG_WARN_OBJC_ROOT_CLASS = YES_ERROR;
				CLANG_WARN_QUOTED_INCLUDE_IN_FRAMEWORK_HEADER = YES;
				CLANG_WARN_RANGE_LOOP_ANALYSIS = YES;
				CLANG_WARN_STRICT_PROTOTYPES = YES;
				CLANG_WARN_SUSPICIOUS_MOVE = YES;
				CLANG_WARN_UNGUARDED_AVAILABILITY = YES_AGGRESSIVE;
				CLANG_WARN_UNREACHABLE_CODE = YES;
				CLANG_WARN__DUPLICATE_METHOD_MATCH = YES;
				COPY_PHASE_STRIP = NO;
				DEBUG_INFORMATION_FORMAT = dwarf;
				ENABLE_STRICT_OBJC_MSGSEND = YES;
				ENABLE_TESTABILITY = YES;
				GCC_C_LANGUAGE_STANDARD = gnu11;
				GCC_DYNAMIC_NO_PIC = NO;
				GCC_NO_COMMON_BLOCKS = YES;
				GCC_OPTIMIZATION_LEVEL = 0;
				GCC_PREPROCESSOR_DEFINITIONS = (
					"DEBUG=1",
					"$(inherited)",
				);
				GCC_WARN_64_TO_32_BIT_CONVERSION = YES;
				GCC_WARN_ABOUT_RETURN_TYPE = YES_ERROR;
				GCC_WARN_UNDECLARED_SELECTOR = YES;
				GCC_WARN_UNINITIALIZED_AUTOS = YES_AGGRESSIVE;
				GCC_WARN_UNUSED_FUNCTION = YES;
				GCC_WARN_UNUSED_VARIABLE = YES;
				IPHONEOS_DEPLOYMENT_TARGET = 15.2;
				MTL_ENABLE_DEBUG_INFO = INCLUDE_SOURCE;
				MTL_FAST_MATH = YES;
				ONLY_ACTIVE_ARCH = YES;
				SDKROOT = iphoneos;
				SWIFT_ACTIVE_COMPILATION_CONDITIONS = DEBUG;
				SWIFT_OPTIMIZATION_LEVEL = "-Onone";
			};
			name = Debug;
		};
		6362A85028651E9400B12591 /* Release */ = {
			isa = XCBuildConfiguration;
			buildSettings = {
				ALWAYS_SEARCH_USER_PATHS = NO;
				CLANG_ANALYZER_NONNULL = YES;
				CLANG_ANALYZER_NUMBER_OBJECT_CONVERSION = YES_AGGRESSIVE;
				CLANG_CXX_LANGUAGE_STANDARD = "gnu++17";
				CLANG_CXX_LIBRARY = "libc++";
				CLANG_ENABLE_MODULES = YES;
				CLANG_ENABLE_OBJC_ARC = YES;
				CLANG_ENABLE_OBJC_WEAK = YES;
				CLANG_WARN_BLOCK_CAPTURE_AUTORELEASING = YES;
				CLANG_WARN_BOOL_CONVERSION = YES;
				CLANG_WARN_COMMA = YES;
				CLANG_WARN_CONSTANT_CONVERSION = YES;
				CLANG_WARN_DEPRECATED_OBJC_IMPLEMENTATIONS = YES;
				CLANG_WARN_DIRECT_OBJC_ISA_USAGE = YES_ERROR;
				CLANG_WARN_DOCUMENTATION_COMMENTS = YES;
				CLANG_WARN_EMPTY_BODY = YES;
				CLANG_WARN_ENUM_CONVERSION = YES;
				CLANG_WARN_INFINITE_RECURSION = YES;
				CLANG_WARN_INT_CONVERSION = YES;
				CLANG_WARN_NON_LITERAL_NULL_CONVERSION = YES;
				CLANG_WARN_OBJC_IMPLICIT_RETAIN_SELF = YES;
				CLANG_WARN_OBJC_LITERAL_CONVERSION = YES;
				CLANG_WARN_OBJC_ROOT_CLASS = YES_ERROR;
				CLANG_WARN_QUOTED_INCLUDE_IN_FRAMEWORK_HEADER = YES;
				CLANG_WARN_RANGE_LOOP_ANALYSIS = YES;
				CLANG_WARN_STRICT_PROTOTYPES = YES;
				CLANG_WARN_SUSPICIOUS_MOVE = YES;
				CLANG_WARN_UNGUARDED_AVAILABILITY = YES_AGGRESSIVE;
				CLANG_WARN_UNREACHABLE_CODE = YES;
				CLANG_WARN__DUPLICATE_METHOD_MATCH = YES;
				COPY_PHASE_STRIP = NO;
				DEBUG_INFORMATION_FORMAT = "dwarf-with-dsym";
				ENABLE_NS_ASSERTIONS = NO;
				ENABLE_STRICT_OBJC_MSGSEND = YES;
				GCC_C_LANGUAGE_STANDARD = gnu11;
				GCC_NO_COMMON_BLOCKS = YES;
				GCC_WARN_64_TO_32_BIT_CONVERSION = YES;
				GCC_WARN_ABOUT_RETURN_TYPE = YES_ERROR;
				GCC_WARN_UNDECLARED_SELECTOR = YES;
				GCC_WARN_UNINITIALIZED_AUTOS = YES_AGGRESSIVE;
				GCC_WARN_UNUSED_FUNCTION = YES;
				GCC_WARN_UNUSED_VARIABLE = YES;
				IPHONEOS_DEPLOYMENT_TARGET = 15.2;
				MTL_ENABLE_DEBUG_INFO = NO;
				MTL_FAST_MATH = YES;
				SDKROOT = iphoneos;
				SWIFT_COMPILATION_MODE = wholemodule;
				SWIFT_OPTIMIZATION_LEVEL = "-O";
				VALIDATE_PRODUCT = YES;
			};
			name = Release;
		};
		6362A85228651E9400B12591 /* Debug */ = {
			isa = XCBuildConfiguration;
			baseConfigurationReference = 98FE681527163EAEB6985FE5 /* Pods-UgursDessertShop.debug.xcconfig */;
			buildSettings = {
				ASSETCATALOG_COMPILER_APPICON_NAME = AppIcon;
				ASSETCATALOG_COMPILER_GLOBAL_ACCENT_COLOR_NAME = AccentColor;
				CODE_SIGN_STYLE = Automatic;
				CURRENT_PROJECT_VERSION = 1;
				DEVELOPMENT_TEAM = YW89A2JD7V;
				GENERATE_INFOPLIST_FILE = YES;
				INFOPLIST_FILE = UgursDessertShop/Resources/Info.plist;
				INFOPLIST_KEY_UIApplicationSupportsIndirectInputEvents = YES;
				INFOPLIST_KEY_UILaunchStoryboardName = LaunchScreen;
				INFOPLIST_KEY_UISupportedInterfaceOrientations_iPad = "UIInterfaceOrientationPortrait UIInterfaceOrientationPortraitUpsideDown UIInterfaceOrientationLandscapeLeft UIInterfaceOrientationLandscapeRight";
				INFOPLIST_KEY_UISupportedInterfaceOrientations_iPhone = "UIInterfaceOrientationPortrait UIInterfaceOrientationLandscapeLeft UIInterfaceOrientationLandscapeRight";
				LD_RUNPATH_SEARCH_PATHS = (
					"$(inherited)",
					"@executable_path/Frameworks",
				);
				MARKETING_VERSION = 1.0;
				PRODUCT_BUNDLE_IDENTIFIER = com.ugurhmz.UgursDessertShop;
				PRODUCT_NAME = "$(TARGET_NAME)";
				SWIFT_EMIT_LOC_STRINGS = YES;
				SWIFT_VERSION = 5.0;
				TARGETED_DEVICE_FAMILY = "1,2";
			};
			name = Debug;
		};
		6362A85328651E9400B12591 /* Release */ = {
			isa = XCBuildConfiguration;
			baseConfigurationReference = FB7B0284D650D57AEC3CD51F /* Pods-UgursDessertShop.release.xcconfig */;
			buildSettings = {
				ASSETCATALOG_COMPILER_APPICON_NAME = AppIcon;
				ASSETCATALOG_COMPILER_GLOBAL_ACCENT_COLOR_NAME = AccentColor;
				CODE_SIGN_STYLE = Automatic;
				CURRENT_PROJECT_VERSION = 1;
				DEVELOPMENT_TEAM = YW89A2JD7V;
				GENERATE_INFOPLIST_FILE = YES;
				INFOPLIST_FILE = UgursDessertShop/Resources/Info.plist;
				INFOPLIST_KEY_UIApplicationSupportsIndirectInputEvents = YES;
				INFOPLIST_KEY_UILaunchStoryboardName = LaunchScreen;
				INFOPLIST_KEY_UISupportedInterfaceOrientations_iPad = "UIInterfaceOrientationPortrait UIInterfaceOrientationPortraitUpsideDown UIInterfaceOrientationLandscapeLeft UIInterfaceOrientationLandscapeRight";
				INFOPLIST_KEY_UISupportedInterfaceOrientations_iPhone = "UIInterfaceOrientationPortrait UIInterfaceOrientationLandscapeLeft UIInterfaceOrientationLandscapeRight";
				LD_RUNPATH_SEARCH_PATHS = (
					"$(inherited)",
					"@executable_path/Frameworks",
				);
				MARKETING_VERSION = 1.0;
				PRODUCT_BUNDLE_IDENTIFIER = com.ugurhmz.UgursDessertShop;
				PRODUCT_NAME = "$(TARGET_NAME)";
				SWIFT_EMIT_LOC_STRINGS = YES;
				SWIFT_VERSION = 5.0;
				TARGETED_DEVICE_FAMILY = "1,2";
			};
			name = Release;
		};
/* End XCBuildConfiguration section */

/* Begin XCConfigurationList section */
		6362A83828651E9300B12591 /* Build configuration list for PBXProject "UgursDessertShop" */ = {
			isa = XCConfigurationList;
			buildConfigurations = (
				6362A84F28651E9400B12591 /* Debug */,
				6362A85028651E9400B12591 /* Release */,
			);
			defaultConfigurationIsVisible = 0;
			defaultConfigurationName = Release;
		};
		6362A85128651E9400B12591 /* Build configuration list for PBXNativeTarget "UgursDessertShop" */ = {
			isa = XCConfigurationList;
			buildConfigurations = (
				6362A85228651E9400B12591 /* Debug */,
				6362A85328651E9400B12591 /* Release */,
			);
			defaultConfigurationIsVisible = 0;
			defaultConfigurationName = Release;
		};
/* End XCConfigurationList section */
	};
	rootObject = 6362A83528651E9300B12591 /* Project object */;
}
